
Microsoft Visual Studio Solution File, Format Version 12.00
# Visual Studio Version 17
VisualStudioVersion = 17.11.35222.181
MinimumVisualStudioVersion = 10.0.40219.1
Project("{9A19103F-16F7-4668-BE54-9A1E7A4F7556}") = "CASproject", "CASproject\CASproject.csproj", "{BF9857A8-C12A-4C85-9FF9-DC98A8ACE26B}"
EndProject
Project("{9A19103F-16F7-4668-BE54-9A1E7A4F7556}") = "UnitTests", "UnitTests\UnitTests.csproj", "{B496BC1D-C0B9-415E-B082-D2E22FC7303B}"
EndProject
Global
	GlobalSection(SolutionConfigurationPlatforms) = preSolution
		Debug|Any CPU = Debug|Any CPU
		Release|Any CPU = Release|Any CPU
	EndGlobalSection
	GlobalSection(ProjectConfigurationPlatforms) = postSolution
		{BF9857A8-C12A-4C85-9FF9-DC98A8ACE26B}.Debug|Any CPU.ActiveCfg = Debug|Any CPU
		{BF9857A8-C12A-4C85-9FF9-DC98A8ACE26B}.Debug|Any CPU.Build.0 = Debug|Any CPU
		{BF9857A8-C12A-4C85-9FF9-DC98A8ACE26B}.Release|Any CPU.ActiveCfg = Release|Any CPU
		{BF9857A8-C12A-4C85-9FF9-DC98A8ACE26B}.Release|Any CPU.Build.0 = Release|Any CPU
		{B496BC1D-C0B9-415E-B082-D2E22FC7303B}.Debug|Any CPU.ActiveCfg = Debug|Any CPU
		{B496BC1D-C0B9-415E-B082-D2E22FC7303B}.Debug|Any CPU.Build.0 = Debug|Any CPU
		{B496BC1D-C0B9-415E-B082-D2E22FC7303B}.Release|Any CPU.ActiveCfg = Release|Any CPU
		{B496BC1D-C0B9-415E-B082-D2E22FC7303B}.Release|Any CPU.Build.0 = Release|Any CPU
	EndGlobalSection
	GlobalSection(SolutionProperties) = preSolution
		HideSolutionNode = FALSE
	EndGlobalSection
	GlobalSection(ExtensibilityGlobals) = postSolution
		SolutionGuid = {7C05851D-75C0-4013-8413-EA6420BAA28D}
	EndGlobalSection
EndGlobal
